
Microsoft Visual Studio Solution File, Format Version 12.00
# Visual Studio Version 17
VisualStudioVersion = 17.14.36518.9 d17.14
MinimumVisualStudioVersion = 10.0.40219.1
Project("{FAE04EC0-301F-11D3-BF4B-00C04F79EFBC}") = "condicionais", "condicionais.csproj", "{AF50498B-BCEF-4E14-9D06-956A5CF57EEC}"
EndProject
Global
	GlobalSection(SolutionConfigurationPlatforms) = preSolution
		Debug|Any CPU = Debug|Any CPU
		Release|Any CPU = Release|Any CPU
	EndGlobalSection
	GlobalSection(ProjectConfigurationPlatforms) = postSolution
		{AF50498B-BCEF-4E14-9D06-956A5CF57EEC}.Debug|Any CPU.ActiveCfg = Debug|Any CPU
		{AF50498B-BCEF-4E14-9D06-956A5CF57EEC}.Debug|Any CPU.Build.0 = Debug|Any CPU
		{AF50498B-BCEF-4E14-9D06-956A5CF57EEC}.Release|Any CPU.ActiveCfg = Release|Any CPU
		{AF50498B-BCEF-4E14-9D06-956A5CF57EEC}.Release|Any CPU.Build.0 = Release|Any CPU
	EndGlobalSection
	GlobalSection(SolutionProperties) = preSolution
		HideSolutionNode = FALSE
	EndGlobalSection
	GlobalSection(ExtensibilityGlobals) = postSolution
		SolutionGuid = {158AFE19-B25B-424F-A568-06F8550DA0E1}
	EndGlobalSection
EndGlobal
