
Microsoft Visual Studio Solution File, Format Version 12.00
# Visual Studio Version 17
VisualStudioVersion = 17.14.36518.9 d17.14
MinimumVisualStudioVersion = 10.0.40219.1
Project("{FAE04EC0-301F-11D3-BF4B-00C04F79EFBC}") = "operadoreslogicos", "operadoreslogicos.csproj", "{B9F06F34-0EE4-4B15-AC78-877B1A66E377}"
EndProject
Global
	GlobalSection(SolutionConfigurationPlatforms) = preSolution
		Debug|Any CPU = Debug|Any CPU
		Release|Any CPU = Release|Any CPU
	EndGlobalSection
	GlobalSection(ProjectConfigurationPlatforms) = postSolution
		{B9F06F34-0EE4-4B15-AC78-877B1A66E377}.Debug|Any CPU.ActiveCfg = Debug|Any CPU
		{B9F06F34-0EE4-4B15-AC78-877B1A66E377}.Debug|Any CPU.Build.0 = Debug|Any CPU
		{B9F06F34-0EE4-4B15-AC78-877B1A66E377}.Release|Any CPU.ActiveCfg = Release|Any CPU
		{B9F06F34-0EE4-4B15-AC78-877B1A66E377}.Release|Any CPU.Build.0 = Release|Any CPU
	EndGlobalSection
	GlobalSection(SolutionProperties) = preSolution
		HideSolutionNode = FALSE
	EndGlobalSection
	GlobalSection(ExtensibilityGlobals) = postSolution
		SolutionGuid = {46510599-F70F-4166-8A2B-407FB0E0DED4}
	EndGlobalSection
EndGlobal
