
Microsoft Visual Studio Solution File, Format Version 12.00
# Visual Studio Version 17
VisualStudioVersion = 17.14.36518.9 d17.14
MinimumVisualStudioVersion = 10.0.40219.1
Project("{FAE04EC0-301F-11D3-BF4B-00C04F79EFBC}") = "variaveiseconstantes", "variaveiseconstantes.csproj", "{B1E87EEA-F7E2-4B71-85D9-03081B551732}"
EndProject
Global
	GlobalSection(SolutionConfigurationPlatforms) = preSolution
		Debug|Any CPU = Debug|Any CPU
		Release|Any CPU = Release|Any CPU
	EndGlobalSection
	GlobalSection(ProjectConfigurationPlatforms) = postSolution
		{B1E87EEA-F7E2-4B71-85D9-03081B551732}.Debug|Any CPU.ActiveCfg = Debug|Any CPU
		{B1E87EEA-F7E2-4B71-85D9-03081B551732}.Debug|Any CPU.Build.0 = Debug|Any CPU
		{B1E87EEA-F7E2-4B71-85D9-03081B551732}.Release|Any CPU.ActiveCfg = Release|Any CPU
		{B1E87EEA-F7E2-4B71-85D9-03081B551732}.Release|Any CPU.Build.0 = Release|Any CPU
	EndGlobalSection
	GlobalSection(SolutionProperties) = preSolution
		HideSolutionNode = FALSE
	EndGlobalSection
	GlobalSection(ExtensibilityGlobals) = postSolution
		SolutionGuid = {369C683D-5C03-4810-BED9-E0B8BF97681D}
	EndGlobalSection
EndGlobal
